
Microsoft Visual Studio Solution File, Format Version 12.00
# Visual Studio 15
VisualStudioVersion = 15.0.28010.0
MinimumVisualStudioVersion = 10.0.40219.1
Project("{FAE04EC0-301F-11D3-BF4B-00C04F79EFBC}") = "Sales.Android", "Sales\Sales.Android\Sales.Android.csproj", "{07EFBDD6-D37B-4A1D-A1F1-25118BAB5A51}"
EndProject
Project("{FAE04EC0-301F-11D3-BF4B-00C04F79EFBC}") = "Sales.iOS", "Sales\Sales.iOS\Sales.iOS.csproj", "{03C3B293-05CE-40C1-8643-AD25A34CADD8}"
EndProject
Project("{FAE04EC0-301F-11D3-BF4B-00C04F79EFBC}") = "Sales.UWP", "Sales\Sales.UWP\Sales.UWP.csproj", "{09D083F1-67EB-4B0C-A659-7119DDF7F9B9}"
EndProject
Project("{9A19103F-16F7-4668-BE54-9A1E7A4F7556}") = "Sales", "Sales\Sales\Sales.csproj", "{B746B32E-3A9E-4E65-8201-97C60ECE8E9C}"
EndProject
Project("{FAE04EC0-301F-11D3-BF4B-00C04F79EFBC}") = "Sales.Backend", "Sales.Backend\Sales.Backend.csproj", "{2DEC738C-D202-41C3-BC5C-75EF6A2E308B}"
EndProject
Project("{FAE04EC0-301F-11D3-BF4B-00C04F79EFBC}") = "Sales.API", "Sales.API\Sales.API.csproj", "{747D1CAF-EAD5-49DD-8E17-DD1D915B02D1}"
EndProject
Project("{FAE04EC0-301F-11D3-BF4B-00C04F79EFBC}") = "Sales.Domain", "Sales.Domain\Sales.Domain.csproj", "{42C26651-F092-4167-92FC-5D95B4E8E37F}"
EndProject
Project("{FAE04EC0-301F-11D3-BF4B-00C04F79EFBC}") = "Sales.Common", "Sales.Common\Sales.Common.csproj", "{6A1C469A-7CD0-4ECD-AE2B-A720BCB40167}"
EndProject
Global
	GlobalSection(SolutionConfigurationPlatforms) = preSolution
		Ad-Hoc|Any CPU = Ad-Hoc|Any CPU
		Ad-Hoc|ARM = Ad-Hoc|ARM
		Ad-Hoc|iPhone = Ad-Hoc|iPhone
		Ad-Hoc|iPhoneSimulator = Ad-Hoc|iPhoneSimulator
		Ad-Hoc|x64 = Ad-Hoc|x64
		Ad-Hoc|x86 = Ad-Hoc|x86
		AppStore|Any CPU = AppStore|Any CPU
		AppStore|ARM = AppStore|ARM
		AppStore|iPhone = AppStore|iPhone
		AppStore|iPhoneSimulator = AppStore|iPhoneSimulator
		AppStore|x64 = AppStore|x64
		AppStore|x86 = AppStore|x86
		Debug|Any CPU = Debug|Any CPU
		Debug|ARM = Debug|ARM
		Debug|iPhone = Debug|iPhone
		Debug|iPhoneSimulator = Debug|iPhoneSimulator
		Debug|x64 = Debug|x64
		Debug|x86 = Debug|x86
		Release|Any CPU = Release|Any CPU
		Release|ARM = Release|ARM
		Release|iPhone = Release|iPhone
		Release|iPhoneSimulator = Release|iPhoneSimulator
		Release|x64 = Release|x64
		Release|x86 = Release|x86
	EndGlobalSection
	GlobalSection(ProjectConfigurationPlatforms) = postSolution
		{07EFBDD6-D37B-4A1D-A1F1-25118BAB5A51}.Ad-Hoc|Any CPU.ActiveCfg = Release|Any CPU
		{07EFBDD6-D37B-4A1D-A1F1-25118BAB5A51}.Ad-Hoc|Any CPU.Build.0 = Release|Any CPU
		{07EFBDD6-D37B-4A1D-A1F1-25118BAB5A51}.Ad-Hoc|Any CPU.Deploy.0 = Release|Any CPU
		{07EFBDD6-D37B-4A1D-A1F1-25118BAB5A51}.Ad-Hoc|ARM.ActiveCfg = Release|Any CPU
		{07EFBDD6-D37B-4A1D-A1F1-25118BAB5A51}.Ad-Hoc|ARM.Build.0 = Release|Any CPU
		{07EFBDD6-D37B-4A1D-A1F1-25118BAB5A51}.Ad-Hoc|ARM.Deploy.0 = Release|Any CPU
		{07EFBDD6-D37B-4A1D-A1F1-25118BAB5A51}.Ad-Hoc|iPhone.ActiveCfg = Release|Any CPU
		{07EFBDD6-D37B-4A1D-A1F1-25118BAB5A51}.Ad-Hoc|iPhone.Build.0 = Release|Any CPU
		{07EFBDD6-D37B-4A1D-A1F1-25118BAB5A51}.Ad-Hoc|iPhone.Deploy.0 = Release|Any CPU
		{07EFBDD6-D37B-4A1D-A1F1-25118BAB5A51}.Ad-Hoc|iPhoneSimulator.ActiveCfg = Release|Any CPU
		{07EFBDD6-D37B-4A1D-A1F1-25118BAB5A51}.Ad-Hoc|iPhoneSimulator.Build.0 = Release|Any CPU
		{07EFBDD6-D37B-4A1D-A1F1-25118BAB5A51}.Ad-Hoc|iPhoneSimulator.Deploy.0 = Release|Any CPU
		{07EFBDD6-D37B-4A1D-A1F1-25118BAB5A51}.Ad-Hoc|x64.ActiveCfg = Release|Any CPU
		{07EFBDD6-D37B-4A1D-A1F1-25118BAB5A51}.Ad-Hoc|x64.Build.0 = Release|Any CPU
		{07EFBDD6-D37B-4A1D-A1F1-25118BAB5A51}.Ad-Hoc|x64.Deploy.0 = Release|Any CPU
		{07EFBDD6-D37B-4A1D-A1F1-25118BAB5A51}.Ad-Hoc|x86.ActiveCfg = Release|Any CPU
		{07EFBDD6-D37B-4A1D-A1F1-25118BAB5A51}.Ad-Hoc|x86.Build.0 = Release|Any CPU
		{07EFBDD6-D37B-4A1D-A1F1-25118BAB5A51}.Ad-Hoc|x86.Deploy.0 = Release|Any CPU
		{07EFBDD6-D37B-4A1D-A1F1-25118BAB5A51}.AppStore|Any CPU.ActiveCfg = Release|Any CPU
		{07EFBDD6-D37B-4A1D-A1F1-25118BAB5A51}.AppStore|Any CPU.Build.0 = Release|Any CPU
		{07EFBDD6-D37B-4A1D-A1F1-25118BAB5A51}.AppStore|Any CPU.Deploy.0 = Release|Any CPU
		{07EFBDD6-D37B-4A1D-A1F1-25118BAB5A51}.AppStore|ARM.ActiveCfg = Release|Any CPU
		{07EFBDD6-D37B-4A1D-A1F1-25118BAB5A51}.AppStore|ARM.Build.0 = Release|Any CPU
		{07EFBDD6-D37B-4A1D-A1F1-25118BAB5A51}.AppStore|ARM.Deploy.0 = Release|Any CPU
		{07EFBDD6-D37B-4A1D-A1F1-25118BAB5A51}.AppStore|iPhone.ActiveCfg = Release|Any CPU
		{07EFBDD6-D37B-4A1D-A1F1-25118BAB5A51}.AppStore|iPhone.Build.0 = Release|Any CPU
		{07EFBDD6-D37B-4A1D-A1F1-25118BAB5A51}.AppStore|iPhone.Deploy.0 = Release|Any CPU
		{07EFBDD6-D37B-4A1D-A1F1-25118BAB5A51}.AppStore|iPhoneSimulator.ActiveCfg = Release|Any CPU
		{07EFBDD6-D37B-4A1D-A1F1-25118BAB5A51}.AppStore|iPhoneSimulator.Build.0 = Release|Any CPU
		{07EFBDD6-D37B-4A1D-A1F1-25118BAB5A51}.AppStore|iPhoneSimulator.Deploy.0 = Release|Any CPU
		{07EFBDD6-D37B-4A1D-A1F1-25118BAB5A51}.AppStore|x64.ActiveCfg = Release|Any CPU
		{07EFBDD6-D37B-4A1D-A1F1-25118BAB5A51}.AppStore|x64.Build.0 = Release|Any CPU
		{07EFBDD6-D37B-4A1D-A1F1-25118BAB5A51}.AppStore|x64.Deploy.0 = Release|Any CPU
		{07EFBDD6-D37B-4A1D-A1F1-25118BAB5A51}.AppStore|x86.ActiveCfg = Release|Any CPU
		{07EFBDD6-D37B-4A1D-A1F1-25118BAB5A51}.AppStore|x86.Build.0 = Release|Any CPU
		{07EFBDD6-D37B-4A1D-A1F1-25118BAB5A51}.AppStore|x86.Deploy.0 = Release|Any CPU
		{07EFBDD6-D37B-4A1D-A1F1-25118BAB5A51}.Debug|Any CPU.ActiveCfg = Debug|Any CPU
		{07EFBDD6-D37B-4A1D-A1F1-25118BAB5A51}.Debug|Any CPU.Build.0 = Debug|Any CPU
		{07EFBDD6-D37B-4A1D-A1F1-25118BAB5A51}.Debug|Any CPU.Deploy.0 = Debug|Any CPU
		{07EFBDD6-D37B-4A1D-A1F1-25118BAB5A51}.Debug|ARM.ActiveCfg = Debug|Any CPU
		{07EFBDD6-D37B-4A1D-A1F1-25118BAB5A51}.Debug|ARM.Build.0 = Debug|Any CPU
		{07EFBDD6-D37B-4A1D-A1F1-25118BAB5A51}.Debug|ARM.Deploy.0 = Debug|Any CPU
		{07EFBDD6-D37B-4A1D-A1F1-25118BAB5A51}.Debug|iPhone.ActiveCfg = Debug|Any CPU
		{07EFBDD6-D37B-4A1D-A1F1-25118BAB5A51}.Debug|iPhone.Build.0 = Debug|Any CPU
		{07EFBDD6-D37B-4A1D-A1F1-25118BAB5A51}.Debug|iPhone.Deploy.0 = Debug|Any CPU
		{07EFBDD6-D37B-4A1D-A1F1-25118BAB5A51}.Debug|iPhoneSimulator.ActiveCfg = Debug|Any CPU
		{07EFBDD6-D37B-4A1D-A1F1-25118BAB5A51}.Debug|iPhoneSimulator.Build.0 = Debug|Any CPU
		{07EFBDD6-D37B-4A1D-A1F1-25118BAB5A51}.Debug|iPhoneSimulator.Deploy.0 = Debug|Any CPU
		{07EFBDD6-D37B-4A1D-A1F1-25118BAB5A51}.Debug|x64.ActiveCfg = Debug|Any CPU
		{07EFBDD6-D37B-4A1D-A1F1-25118BAB5A51}.Debug|x64.Build.0 = Debug|Any CPU
		{07EFBDD6-D37B-4A1D-A1F1-25118BAB5A51}.Debug|x64.Deploy.0 = Debug|Any CPU
		{07EFBDD6-D37B-4A1D-A1F1-25118BAB5A51}.Debug|x86.ActiveCfg = Debug|Any CPU
		{07EFBDD6-D37B-4A1D-A1F1-25118BAB5A51}.Debug|x86.Build.0 = Debug|Any CPU
		{07EFBDD6-D37B-4A1D-A1F1-25118BAB5A51}.Debug|x86.Deploy.0 = Debug|Any CPU
		{07EFBDD6-D37B-4A1D-A1F1-25118BAB5A51}.Release|Any CPU.ActiveCfg = Release|Any CPU
		{07EFBDD6-D37B-4A1D-A1F1-25118BAB5A51}.Release|Any CPU.Build.0 = Release|Any CPU
		{07EFBDD6-D37B-4A1D-A1F1-25118BAB5A51}.Release|Any CPU.Deploy.0 = Release|Any CPU
		{07EFBDD6-D37B-4A1D-A1F1-25118BAB5A51}.Release|ARM.ActiveCfg = Release|Any CPU
		{07EFBDD6-D37B-4A1D-A1F1-25118BAB5A51}.Release|ARM.Build.0 = Release|Any CPU
		{07EFBDD6-D37B-4A1D-A1F1-25118BAB5A51}.Release|ARM.Deploy.0 = Release|Any CPU
		{07EFBDD6-D37B-4A1D-A1F1-25118BAB5A51}.Release|iPhone.ActiveCfg = Release|Any CPU
		{07EFBDD6-D37B-4A1D-A1F1-25118BAB5A51}.Release|iPhone.Build.0 = Release|Any CPU
		{07EFBDD6-D37B-4A1D-A1F1-25118BAB5A51}.Release|iPhone.Deploy.0 = Release|Any CPU
		{07EFBDD6-D37B-4A1D-A1F1-25118BAB5A51}.Release|iPhoneSimulator.ActiveCfg = Release|Any CPU
		{07EFBDD6-D37B-4A1D-A1F1-25118BAB5A51}.Release|iPhoneSimulator.Build.0 = Release|Any CPU
		{07EFBDD6-D37B-4A1D-A1F1-25118BAB5A51}.Release|iPhoneSimulator.Deploy.0 = Release|Any CPU
		{07EFBDD6-D37B-4A1D-A1F1-25118BAB5A51}.Release|x64.ActiveCfg = Release|Any CPU
		{07EFBDD6-D37B-4A1D-A1F1-25118BAB5A51}.Release|x64.Build.0 = Release|Any CPU
		{07EFBDD6-D37B-4A1D-A1F1-25118BAB5A51}.Release|x64.Deploy.0 = Release|Any CPU
		{07EFBDD6-D37B-4A1D-A1F1-25118BAB5A51}.Release|x86.ActiveCfg = Release|Any CPU
		{07EFBDD6-D37B-4A1D-A1F1-25118BAB5A51}.Release|x86.Build.0 = Release|Any CPU
		{07EFBDD6-D37B-4A1D-A1F1-25118BAB5A51}.Release|x86.Deploy.0 = Release|Any CPU
		{03C3B293-05CE-40C1-8643-AD25A34CADD8}.Ad-Hoc|Any CPU.ActiveCfg = Ad-Hoc|iPhone
		{03C3B293-05CE-40C1-8643-AD25A34CADD8}.Ad-Hoc|Any CPU.Build.0 = Ad-Hoc|iPhone
		{03C3B293-05CE-40C1-8643-AD25A34CADD8}.Ad-Hoc|Any CPU.Deploy.0 = Ad-Hoc|iPhone
		{03C3B293-05CE-40C1-8643-AD25A34CADD8}.Ad-Hoc|ARM.ActiveCfg = Ad-Hoc|iPhone
		{03C3B293-05CE-40C1-8643-AD25A34CADD8}.Ad-Hoc|ARM.Build.0 = Ad-Hoc|iPhone
		{03C3B293-05CE-40C1-8643-AD25A34CADD8}.Ad-Hoc|ARM.Deploy.0 = Ad-Hoc|iPhone
		{03C3B293-05CE-40C1-8643-AD25A34CADD8}.Ad-Hoc|iPhone.ActiveCfg = Ad-Hoc|iPhone
		{03C3B293-05CE-40C1-8643-AD25A34CADD8}.Ad-Hoc|iPhone.Build.0 = Ad-Hoc|iPhone
		{03C3B293-05CE-40C1-8643-AD25A34CADD8}.Ad-Hoc|iPhone.Deploy.0 = Ad-Hoc|iPhone
		{03C3B293-05CE-40C1-8643-AD25A34CADD8}.Ad-Hoc|iPhoneSimulator.ActiveCfg = Ad-Hoc|iPhoneSimulator
		{03C3B293-05CE-40C1-8643-AD25A34CADD8}.Ad-Hoc|iPhoneSimulator.Build.0 = Ad-Hoc|iPhoneSimulator
		{03C3B293-05CE-40C1-8643-AD25A34CADD8}.Ad-Hoc|iPhoneSimulator.Deploy.0 = Ad-Hoc|iPhoneSimulator
		{03C3B293-05CE-40C1-8643-AD25A34CADD8}.Ad-Hoc|x64.ActiveCfg = Ad-Hoc|iPhone
		{03C3B293-05CE-40C1-8643-AD25A34CADD8}.Ad-Hoc|x64.Build.0 = Ad-Hoc|iPhone
		{03C3B293-05CE-40C1-8643-AD25A34CADD8}.Ad-Hoc|x64.Deploy.0 = Ad-Hoc|iPhone
		{03C3B293-05CE-40C1-8643-AD25A34CADD8}.Ad-Hoc|x86.ActiveCfg = Ad-Hoc|iPhone
		{03C3B293-05CE-40C1-8643-AD25A34CADD8}.Ad-Hoc|x86.Build.0 = Ad-Hoc|iPhone
		{03C3B293-05CE-40C1-8643-AD25A34CADD8}.Ad-Hoc|x86.Deploy.0 = Ad-Hoc|iPhone
		{03C3B293-05CE-40C1-8643-AD25A34CADD8}.AppStore|Any CPU.ActiveCfg = AppStore|iPhone
		{03C3B293-05CE-40C1-8643-AD25A34CADD8}.AppStore|Any CPU.Build.0 = AppStore|iPhone
		{03C3B293-05CE-40C1-8643-AD25A34CADD8}.AppStore|Any CPU.Deploy.0 = AppStore|iPhone
		{03C3B293-05CE-40C1-8643-AD25A34CADD8}.AppStore|ARM.ActiveCfg = AppStore|iPhone
		{03C3B293-05CE-40C1-8643-AD25A34CADD8}.AppStore|ARM.Build.0 = AppStore|iPhone
		{03C3B293-05CE-40C1-8643-AD25A34CADD8}.AppStore|ARM.Deploy.0 = AppStore|iPhone
		{03C3B293-05CE-40C1-8643-AD25A34CADD8}.AppStore|iPhone.ActiveCfg = AppStore|iPhone
		{03C3B293-05CE-40C1-8643-AD25A34CADD8}.AppStore|iPhone.Build.0 = AppStore|iPhone
		{03C3B293-05CE-40C1-8643-AD25A34CADD8}.AppStore|iPhone.Deploy.0 = AppStore|iPhone
		{03C3B293-05CE-40C1-8643-AD25A34CADD8}.AppStore|iPhoneSimulator.ActiveCfg = AppStore|iPhoneSimulator
		{03C3B293-05CE-40C1-8643-AD25A34CADD8}.AppStore|iPhoneSimulator.Build.0 = AppStore|iPhoneSimulator
		{03C3B293-05CE-40C1-8643-AD25A34CADD8}.AppStore|iPhoneSimulator.Deploy.0 = AppStore|iPhoneSimulator
		{03C3B293-05CE-40C1-8643-AD25A34CADD8}.AppStore|x64.ActiveCfg = AppStore|iPhone
		{03C3B293-05CE-40C1-8643-AD25A34CADD8}.AppStore|x64.Build.0 = AppStore|iPhone
		{03C3B293-05CE-40C1-8643-AD25A34CADD8}.AppStore|x64.Deploy.0 = AppStore|iPhone
		{03C3B293-05CE-40C1-8643-AD25A34CADD8}.AppStore|x86.ActiveCfg = AppStore|iPhone
		{03C3B293-05CE-40C1-8643-AD25A34CADD8}.AppStore|x86.Build.0 = AppStore|iPhone
		{03C3B293-05CE-40C1-8643-AD25A34CADD8}.AppStore|x86.Deploy.0 = AppStore|iPhone
		{03C3B293-05CE-40C1-8643-AD25A34CADD8}.Debug|Any CPU.ActiveCfg = Debug|iPhoneSimulator
		{03C3B293-05CE-40C1-8643-AD25A34CADD8}.Debug|Any CPU.Build.0 = Debug|iPhoneSimulator
		{03C3B293-05CE-40C1-8643-AD25A34CADD8}.Debug|Any CPU.Deploy.0 = Debug|iPhoneSimulator
		{03C3B293-05CE-40C1-8643-AD25A34CADD8}.Debug|ARM.ActiveCfg = Debug|iPhone
		{03C3B293-05CE-40C1-8643-AD25A34CADD8}.Debug|ARM.Build.0 = Debug|iPhone
		{03C3B293-05CE-40C1-8643-AD25A34CADD8}.Debug|ARM.Deploy.0 = Debug|iPhone
		{03C3B293-05CE-40C1-8643-AD25A34CADD8}.Debug|iPhone.ActiveCfg = Debug|iPhone
		{03C3B293-05CE-40C1-8643-AD25A34CADD8}.Debug|iPhone.Build.0 = Debug|iPhone
		{03C3B293-05CE-40C1-8643-AD25A34CADD8}.Debug|iPhone.Deploy.0 = Debug|iPhone
		{03C3B293-05CE-40C1-8643-AD25A34CADD8}.Debug|iPhoneSimulator.ActiveCfg = Debug|iPhoneSimulator
		{03C3B293-05CE-40C1-8643-AD25A34CADD8}.Debug|iPhoneSimulator.Build.0 = Debug|iPhoneSimulator
		{03C3B293-05CE-40C1-8643-AD25A34CADD8}.Debug|iPhoneSimulator.Deploy.0 = Debug|iPhoneSimulator
		{03C3B293-05CE-40C1-8643-AD25A34CADD8}.Debug|x64.ActiveCfg = Debug|iPhone
		{03C3B293-05CE-40C1-8643-AD25A34CADD8}.Debug|x64.Build.0 = Debug|iPhone
		{03C3B293-05CE-40C1-8643-AD25A34CADD8}.Debug|x64.Deploy.0 = Debug|iPhone
		{03C3B293-05CE-40C1-8643-AD25A34CADD8}.Debug|x86.ActiveCfg = Debug|iPhone
		{03C3B293-05CE-40C1-8643-AD25A34CADD8}.Debug|x86.Build.0 = Debug|iPhone
		{03C3B293-05CE-40C1-8643-AD25A34CADD8}.Debug|x86.Deploy.0 = Debug|iPhone
		{03C3B293-05CE-40C1-8643-AD25A34CADD8}.Release|Any CPU.ActiveCfg = Release|iPhone
		{03C3B293-05CE-40C1-8643-AD25A34CADD8}.Release|Any CPU.Build.0 = Release|iPhone
		{03C3B293-05CE-40C1-8643-AD25A34CADD8}.Release|Any CPU.Deploy.0 = Release|iPhone
		{03C3B293-05CE-40C1-8643-AD25A34CADD8}.Release|ARM.ActiveCfg = Release|iPhone
		{03C3B293-05CE-40C1-8643-AD25A34CADD8}.Release|ARM.Build.0 = Release|iPhone
		{03C3B293-05CE-40C1-8643-AD25A34CADD8}.Release|ARM.Deploy.0 = Release|iPhone
		{03C3B293-05CE-40C1-8643-AD25A34CADD8}.Release|iPhone.ActiveCfg = Release|iPhone
		{03C3B293-05CE-40C1-8643-AD25A34CADD8}.Release|iPhone.Build.0 = Release|iPhone
		{03C3B293-05CE-40C1-8643-AD25A34CADD8}.Release|iPhone.Deploy.0 = Release|iPhone
		{03C3B293-05CE-40C1-8643-AD25A34CADD8}.Release|iPhoneSimulator.ActiveCfg = Release|iPhoneSimulator
		{03C3B293-05CE-40C1-8643-AD25A34CADD8}.Release|iPhoneSimulator.Build.0 = Release|iPhoneSimulator
		{03C3B293-05CE-40C1-8643-AD25A34CADD8}.Release|iPhoneSimulator.Deploy.0 = Release|iPhoneSimulator
		{03C3B293-05CE-40C1-8643-AD25A34CADD8}.Release|x64.ActiveCfg = Release|iPhone
		{03C3B293-05CE-40C1-8643-AD25A34CADD8}.Release|x64.Build.0 = Release|iPhone
		{03C3B293-05CE-40C1-8643-AD25A34CADD8}.Release|x64.Deploy.0 = Release|iPhone
		{03C3B293-05CE-40C1-8643-AD25A34CADD8}.Release|x86.ActiveCfg = Release|iPhone
		{03C3B293-05CE-40C1-8643-AD25A34CADD8}.Release|x86.Build.0 = Release|iPhone
		{03C3B293-05CE-40C1-8643-AD25A34CADD8}.Release|x86.Deploy.0 = Release|iPhone
		{09D083F1-67EB-4B0C-A659-7119DDF7F9B9}.Ad-Hoc|Any CPU.ActiveCfg = Release|x86
		{09D083F1-67EB-4B0C-A659-7119DDF7F9B9}.Ad-Hoc|Any CPU.Build.0 = Release|x86
		{09D083F1-67EB-4B0C-A659-7119DDF7F9B9}.Ad-Hoc|Any CPU.Deploy.0 = Release|x86
		{09D083F1-67EB-4B0C-A659-7119DDF7F9B9}.Ad-Hoc|ARM.ActiveCfg = Release|ARM
		{09D083F1-67EB-4B0C-A659-7119DDF7F9B9}.Ad-Hoc|ARM.Build.0 = Release|ARM
		{09D083F1-67EB-4B0C-A659-7119DDF7F9B9}.Ad-Hoc|ARM.Deploy.0 = Release|ARM
		{09D083F1-67EB-4B0C-A659-7119DDF7F9B9}.Ad-Hoc|iPhone.ActiveCfg = Release|x86
		{09D083F1-67EB-4B0C-A659-7119DDF7F9B9}.Ad-Hoc|iPhone.Build.0 = Release|x86
		{09D083F1-67EB-4B0C-A659-7119DDF7F9B9}.Ad-Hoc|iPhone.Deploy.0 = Release|x86
		{09D083F1-67EB-4B0C-A659-7119DDF7F9B9}.Ad-Hoc|iPhoneSimulator.ActiveCfg = Release|x86
		{09D083F1-67EB-4B0C-A659-7119DDF7F9B9}.Ad-Hoc|iPhoneSimulator.Build.0 = Release|x86
		{09D083F1-67EB-4B0C-A659-7119DDF7F9B9}.Ad-Hoc|iPhoneSimulator.Deploy.0 = Release|x86
		{09D083F1-67EB-4B0C-A659-7119DDF7F9B9}.Ad-Hoc|x64.ActiveCfg = Release|x64
		{09D083F1-67EB-4B0C-A659-7119DDF7F9B9}.Ad-Hoc|x64.Build.0 = Release|x64
		{09D083F1-67EB-4B0C-A659-7119DDF7F9B9}.Ad-Hoc|x64.Deploy.0 = Release|x64
		{09D083F1-67EB-4B0C-A659-7119DDF7F9B9}.Ad-Hoc|x86.ActiveCfg = Release|x86
		{09D083F1-67EB-4B0C-A659-7119DDF7F9B9}.Ad-Hoc|x86.Build.0 = Release|x86
		{09D083F1-67EB-4B0C-A659-7119DDF7F9B9}.Ad-Hoc|x86.Deploy.0 = Release|x86
		{09D083F1-67EB-4B0C-A659-7119DDF7F9B9}.AppStore|Any CPU.ActiveCfg = Release|x86
		{09D083F1-67EB-4B0C-A659-7119DDF7F9B9}.AppStore|Any CPU.Build.0 = Release|x86
		{09D083F1-67EB-4B0C-A659-7119DDF7F9B9}.AppStore|Any CPU.Deploy.0 = Release|x86
		{09D083F1-67EB-4B0C-A659-7119DDF7F9B9}.AppStore|ARM.ActiveCfg = Release|ARM
		{09D083F1-67EB-4B0C-A659-7119DDF7F9B9}.AppStore|ARM.Build.0 = Release|ARM
		{09D083F1-67EB-4B0C-A659-7119DDF7F9B9}.AppStore|ARM.Deploy.0 = Release|ARM
		{09D083F1-67EB-4B0C-A659-7119DDF7F9B9}.AppStore|iPhone.ActiveCfg = Release|x86
		{09D083F1-67EB-4B0C-A659-7119DDF7F9B9}.AppStore|iPhone.Build.0 = Release|x86
		{09D083F1-67EB-4B0C-A659-7119DDF7F9B9}.AppStore|iPhone.Deploy.0 = Release|x86
		{09D083F1-67EB-4B0C-A659-7119DDF7F9B9}.AppStore|iPhoneSimulator.ActiveCfg = Release|x86
		{09D083F1-67EB-4B0C-A659-7119DDF7F9B9}.AppStore|iPhoneSimulator.Build.0 = Release|x86
		{09D083F1-67EB-4B0C-A659-7119DDF7F9B9}.AppStore|iPhoneSimulator.Deploy.0 = Release|x86
		{09D083F1-67EB-4B0C-A659-7119DDF7F9B9}.AppStore|x64.ActiveCfg = Release|x64
		{09D083F1-67EB-4B0C-A659-7119DDF7F9B9}.AppStore|x64.Build.0 = Release|x64
		{09D083F1-67EB-4B0C-A659-7119DDF7F9B9}.AppStore|x64.Deploy.0 = Release|x64
		{09D083F1-67EB-4B0C-A659-7119DDF7F9B9}.AppStore|x86.ActiveCfg = Release|x86
		{09D083F1-67EB-4B0C-A659-7119DDF7F9B9}.AppStore|x86.Build.0 = Release|x86
		{09D083F1-67EB-4B0C-A659-7119DDF7F9B9}.AppStore|x86.Deploy.0 = Release|x86
		{09D083F1-67EB-4B0C-A659-7119DDF7F9B9}.Debug|Any CPU.ActiveCfg = Debug|x86
		{09D083F1-67EB-4B0C-A659-7119DDF7F9B9}.Debug|Any CPU.Build.0 = Debug|x86
		{09D083F1-67EB-4B0C-A659-7119DDF7F9B9}.Debug|Any CPU.Deploy.0 = Debug|x86
		{09D083F1-67EB-4B0C-A659-7119DDF7F9B9}.Debug|ARM.ActiveCfg = Debug|ARM
		{09D083F1-67EB-4B0C-A659-7119DDF7F9B9}.Debug|ARM.Build.0 = Debug|ARM
		{09D083F1-67EB-4B0C-A659-7119DDF7F9B9}.Debug|ARM.Deploy.0 = Debug|ARM
		{09D083F1-67EB-4B0C-A659-7119DDF7F9B9}.Debug|iPhone.ActiveCfg = Debug|x86
		{09D083F1-67EB-4B0C-A659-7119DDF7F9B9}.Debug|iPhone.Build.0 = Debug|x86
		{09D083F1-67EB-4B0C-A659-7119DDF7F9B9}.Debug|iPhone.Deploy.0 = Debug|x86
		{09D083F1-67EB-4B0C-A659-7119DDF7F9B9}.Debug|iPhoneSimulator.ActiveCfg = Debug|x86
		{09D083F1-67EB-4B0C-A659-7119DDF7F9B9}.Debug|iPhoneSimulator.Build.0 = Debug|x86
		{09D083F1-67EB-4B0C-A659-7119DDF7F9B9}.Debug|iPhoneSimulator.Deploy.0 = Debug|x86
		{09D083F1-67EB-4B0C-A659-7119DDF7F9B9}.Debug|x64.ActiveCfg = Debug|x64
		{09D083F1-67EB-4B0C-A659-7119DDF7F9B9}.Debug|x64.Build.0 = Debug|x64
		{09D083F1-67EB-4B0C-A659-7119DDF7F9B9}.Debug|x64.Deploy.0 = Debug|x64
		{09D083F1-67EB-4B0C-A659-7119DDF7F9B9}.Debug|x86.ActiveCfg = Debug|x86
		{09D083F1-67EB-4B0C-A659-7119DDF7F9B9}.Debug|x86.Build.0 = Debug|x86
		{09D083F1-67EB-4B0C-A659-7119DDF7F9B9}.Debug|x86.Deploy.0 = Debug|x86
		{09D083F1-67EB-4B0C-A659-7119DDF7F9B9}.Release|Any CPU.ActiveCfg = Release|x86
		{09D083F1-67EB-4B0C-A659-7119DDF7F9B9}.Release|Any CPU.Build.0 = Release|x86
		{09D083F1-67EB-4B0C-A659-7119DDF7F9B9}.Release|Any CPU.Deploy.0 = Release|x86
		{09D083F1-67EB-4B0C-A659-7119DDF7F9B9}.Release|ARM.ActiveCfg = Release|ARM
		{09D083F1-67EB-4B0C-A659-7119DDF7F9B9}.Release|ARM.Build.0 = Release|ARM
		{09D083F1-67EB-4B0C-A659-7119DDF7F9B9}.Release|ARM.Deploy.0 = Release|ARM
		{09D083F1-67EB-4B0C-A659-7119DDF7F9B9}.Release|iPhone.ActiveCfg = Release|x86
		{09D083F1-67EB-4B0C-A659-7119DDF7F9B9}.Release|iPhone.Build.0 = Release|x86
		{09D083F1-67EB-4B0C-A659-7119DDF7F9B9}.Release|iPhone.Deploy.0 = Release|x86
		{09D083F1-67EB-4B0C-A659-7119DDF7F9B9}.Release|iPhoneSimulator.ActiveCfg = Release|x86
		{09D083F1-67EB-4B0C-A659-7119DDF7F9B9}.Release|iPhoneSimulator.Build.0 = Release|x86
		{09D083F1-67EB-4B0C-A659-7119DDF7F9B9}.Release|iPhoneSimulator.Deploy.0 = Release|x86
		{09D083F1-67EB-4B0C-A659-7119DDF7F9B9}.Release|x64.ActiveCfg = Release|x64
		{09D083F1-67EB-4B0C-A659-7119DDF7F9B9}.Release|x64.Build.0 = Release|x64
		{09D083F1-67EB-4B0C-A659-7119DDF7F9B9}.Release|x64.Deploy.0 = Release|x64
		{09D083F1-67EB-4B0C-A659-7119DDF7F9B9}.Release|x86.ActiveCfg = Release|x86
		{09D083F1-67EB-4B0C-A659-7119DDF7F9B9}.Release|x86.Build.0 = Release|x86
		{09D083F1-67EB-4B0C-A659-7119DDF7F9B9}.Release|x86.Deploy.0 = Release|x86
		{B746B32E-3A9E-4E65-8201-97C60ECE8E9C}.Ad-Hoc|Any CPU.ActiveCfg = Debug|Any CPU
		{B746B32E-3A9E-4E65-8201-97C60ECE8E9C}.Ad-Hoc|Any CPU.Build.0 = Debug|Any CPU
		{B746B32E-3A9E-4E65-8201-97C60ECE8E9C}.Ad-Hoc|Any CPU.Deploy.0 = Debug|Any CPU
		{B746B32E-3A9E-4E65-8201-97C60ECE8E9C}.Ad-Hoc|ARM.ActiveCfg = Debug|Any CPU
		{B746B32E-3A9E-4E65-8201-97C60ECE8E9C}.Ad-Hoc|ARM.Build.0 = Debug|Any CPU
		{B746B32E-3A9E-4E65-8201-97C60ECE8E9C}.Ad-Hoc|ARM.Deploy.0 = Debug|Any CPU
		{B746B32E-3A9E-4E65-8201-97C60ECE8E9C}.Ad-Hoc|iPhone.ActiveCfg = Debug|Any CPU
		{B746B32E-3A9E-4E65-8201-97C60ECE8E9C}.Ad-Hoc|iPhone.Build.0 = Debug|Any CPU
		{B746B32E-3A9E-4E65-8201-97C60ECE8E9C}.Ad-Hoc|iPhone.Deploy.0 = Debug|Any CPU
		{B746B32E-3A9E-4E65-8201-97C60ECE8E9C}.Ad-Hoc|iPhoneSimulator.ActiveCfg = Debug|Any CPU
		{B746B32E-3A9E-4E65-8201-97C60ECE8E9C}.Ad-Hoc|iPhoneSimulator.Build.0 = Debug|Any CPU
		{B746B32E-3A9E-4E65-8201-97C60ECE8E9C}.Ad-Hoc|iPhoneSimulator.Deploy.0 = Debug|Any CPU
		{B746B32E-3A9E-4E65-8201-97C60ECE8E9C}.Ad-Hoc|x64.ActiveCfg = Debug|Any CPU
		{B746B32E-3A9E-4E65-8201-97C60ECE8E9C}.Ad-Hoc|x64.Build.0 = Debug|Any CPU
		{B746B32E-3A9E-4E65-8201-97C60ECE8E9C}.Ad-Hoc|x64.Deploy.0 = Debug|Any CPU
		{B746B32E-3A9E-4E65-8201-97C60ECE8E9C}.Ad-Hoc|x86.ActiveCfg = Debug|Any CPU
		{B746B32E-3A9E-4E65-8201-97C60ECE8E9C}.Ad-Hoc|x86.Build.0 = Debug|Any CPU
		{B746B32E-3A9E-4E65-8201-97C60ECE8E9C}.Ad-Hoc|x86.Deploy.0 = Debug|Any CPU
		{B746B32E-3A9E-4E65-8201-97C60ECE8E9C}.AppStore|Any CPU.ActiveCfg = Debug|Any CPU
		{B746B32E-3A9E-4E65-8201-97C60ECE8E9C}.AppStore|Any CPU.Build.0 = Debug|Any CPU
		{B746B32E-3A9E-4E65-8201-97C60ECE8E9C}.AppStore|Any CPU.Deploy.0 = Debug|Any CPU
		{B746B32E-3A9E-4E65-8201-97C60ECE8E9C}.AppStore|ARM.ActiveCfg = Debug|Any CPU
		{B746B32E-3A9E-4E65-8201-97C60ECE8E9C}.AppStore|ARM.Build.0 = Debug|Any CPU
		{B746B32E-3A9E-4E65-8201-97C60ECE8E9C}.AppStore|ARM.Deploy.0 = Debug|Any CPU
		{B746B32E-3A9E-4E65-8201-97C60ECE8E9C}.AppStore|iPhone.ActiveCfg = Debug|Any CPU
		{B746B32E-3A9E-4E65-8201-97C60ECE8E9C}.AppStore|iPhone.Build.0 = Debug|Any CPU
		{B746B32E-3A9E-4E65-8201-97C60ECE8E9C}.AppStore|iPhone.Deploy.0 = Debug|Any CPU
		{B746B32E-3A9E-4E65-8201-97C60ECE8E9C}.AppStore|iPhoneSimulator.ActiveCfg = Debug|Any CPU
		{B746B32E-3A9E-4E65-8201-97C60ECE8E9C}.AppStore|iPhoneSimulator.Build.0 = Debug|Any CPU
		{B746B32E-3A9E-4E65-8201-97C60ECE8E9C}.AppStore|iPhoneSimulator.Deploy.0 = Debug|Any CPU
		{B746B32E-3A9E-4E65-8201-97C60ECE8E9C}.AppStore|x64.ActiveCfg = Debug|Any CPU
		{B746B32E-3A9E-4E65-8201-97C60ECE8E9C}.AppStore|x64.Build.0 = Debug|Any CPU
		{B746B32E-3A9E-4E65-8201-97C60ECE8E9C}.AppStore|x64.Deploy.0 = Debug|Any CPU
		{B746B32E-3A9E-4E65-8201-97C60ECE8E9C}.AppStore|x86.ActiveCfg = Debug|Any CPU
		{B746B32E-3A9E-4E65-8201-97C60ECE8E9C}.AppStore|x86.Build.0 = Debug|Any CPU
		{B746B32E-3A9E-4E65-8201-97C60ECE8E9C}.AppStore|x86.Deploy.0 = Debug|Any CPU
		{B746B32E-3A9E-4E65-8201-97C60ECE8E9C}.Debug|Any CPU.ActiveCfg = Debug|Any CPU
		{B746B32E-3A9E-4E65-8201-97C60ECE8E9C}.Debug|Any CPU.Build.0 = Debug|Any CPU
		{B746B32E-3A9E-4E65-8201-97C60ECE8E9C}.Debug|Any CPU.Deploy.0 = Debug|Any CPU
		{B746B32E-3A9E-4E65-8201-97C60ECE8E9C}.Debug|ARM.ActiveCfg = Debug|Any CPU
		{B746B32E-3A9E-4E65-8201-97C60ECE8E9C}.Debug|ARM.Build.0 = Debug|Any CPU
		{B746B32E-3A9E-4E65-8201-97C60ECE8E9C}.Debug|ARM.Deploy.0 = Debug|Any CPU
		{B746B32E-3A9E-4E65-8201-97C60ECE8E9C}.Debug|iPhone.ActiveCfg = Debug|Any CPU
		{B746B32E-3A9E-4E65-8201-97C60ECE8E9C}.Debug|iPhone.Build.0 = Debug|Any CPU
		{B746B32E-3A9E-4E65-8201-97C60ECE8E9C}.Debug|iPhone.Deploy.0 = Debug|Any CPU
		{B746B32E-3A9E-4E65-8201-97C60ECE8E9C}.Debug|iPhoneSimulator.ActiveCfg = Debug|Any CPU
		{B746B32E-3A9E-4E65-8201-97C60ECE8E9C}.Debug|iPhoneSimulator.Build.0 = Debug|Any CPU
		{B746B32E-3A9E-4E65-8201-97C60ECE8E9C}.Debug|iPhoneSimulator.Deploy.0 = Debug|Any CPU
		{B746B32E-3A9E-4E65-8201-97C60ECE8E9C}.Debug|x64.ActiveCfg = Debug|Any CPU
		{B746B32E-3A9E-4E65-8201-97C60ECE8E9C}.Debug|x64.Build.0 = Debug|Any CPU
		{B746B32E-3A9E-4E65-8201-97C60ECE8E9C}.Debug|x64.Deploy.0 = Debug|Any CPU
		{B746B32E-3A9E-4E65-8201-97C60ECE8E9C}.Debug|x86.ActiveCfg = Debug|Any CPU
		{B746B32E-3A9E-4E65-8201-97C60ECE8E9C}.Debug|x86.Build.0 = Debug|Any CPU
		{B746B32E-3A9E-4E65-8201-97C60ECE8E9C}.Debug|x86.Deploy.0 = Debug|Any CPU
		{B746B32E-3A9E-4E65-8201-97C60ECE8E9C}.Release|Any CPU.ActiveCfg = Release|Any CPU
		{B746B32E-3A9E-4E65-8201-97C60ECE8E9C}.Release|Any CPU.Build.0 = Release|Any CPU
		{B746B32E-3A9E-4E65-8201-97C60ECE8E9C}.Release|Any CPU.Deploy.0 = Release|Any CPU
		{B746B32E-3A9E-4E65-8201-97C60ECE8E9C}.Release|ARM.ActiveCfg = Release|Any CPU
		{B746B32E-3A9E-4E65-8201-97C60ECE8E9C}.Release|ARM.Build.0 = Release|Any CPU
		{B746B32E-3A9E-4E65-8201-97C60ECE8E9C}.Release|ARM.Deploy.0 = Release|Any CPU
		{B746B32E-3A9E-4E65-8201-97C60ECE8E9C}.Release|iPhone.ActiveCfg = Release|Any CPU
		{B746B32E-3A9E-4E65-8201-97C60ECE8E9C}.Release|iPhone.Build.0 = Release|Any CPU
		{B746B32E-3A9E-4E65-8201-97C60ECE8E9C}.Release|iPhone.Deploy.0 = Release|Any CPU
		{B746B32E-3A9E-4E65-8201-97C60ECE8E9C}.Release|iPhoneSimulator.ActiveCfg = Release|Any CPU
		{B746B32E-3A9E-4E65-8201-97C60ECE8E9C}.Release|iPhoneSimulator.Build.0 = Release|Any CPU
		{B746B32E-3A9E-4E65-8201-97C60ECE8E9C}.Release|iPhoneSimulator.Deploy.0 = Release|Any CPU
		{B746B32E-3A9E-4E65-8201-97C60ECE8E9C}.Release|x64.ActiveCfg = Release|Any CPU
		{B746B32E-3A9E-4E65-8201-97C60ECE8E9C}.Release|x64.Build.0 = Release|Any CPU
		{B746B32E-3A9E-4E65-8201-97C60ECE8E9C}.Release|x64.Deploy.0 = Release|Any CPU
		{B746B32E-3A9E-4E65-8201-97C60ECE8E9C}.Release|x86.ActiveCfg = Release|Any CPU
		{B746B32E-3A9E-4E65-8201-97C60ECE8E9C}.Release|x86.Build.0 = Release|Any CPU
		{B746B32E-3A9E-4E65-8201-97C60ECE8E9C}.Release|x86.Deploy.0 = Release|Any CPU
		{2DEC738C-D202-41C3-BC5C-75EF6A2E308B}.Ad-Hoc|Any CPU.ActiveCfg = Release|Any CPU
		{2DEC738C-D202-41C3-BC5C-75EF6A2E308B}.Ad-Hoc|Any CPU.Build.0 = Release|Any CPU
		{2DEC738C-D202-41C3-BC5C-75EF6A2E308B}.Ad-Hoc|ARM.ActiveCfg = Release|Any CPU
		{2DEC738C-D202-41C3-BC5C-75EF6A2E308B}.Ad-Hoc|ARM.Build.0 = Release|Any CPU
		{2DEC738C-D202-41C3-BC5C-75EF6A2E308B}.Ad-Hoc|iPhone.ActiveCfg = Release|Any CPU
		{2DEC738C-D202-41C3-BC5C-75EF6A2E308B}.Ad-Hoc|iPhone.Build.0 = Release|Any CPU
		{2DEC738C-D202-41C3-BC5C-75EF6A2E308B}.Ad-Hoc|iPhoneSimulator.ActiveCfg = Release|Any CPU
		{2DEC738C-D202-41C3-BC5C-75EF6A2E308B}.Ad-Hoc|iPhoneSimulator.Build.0 = Release|Any CPU
		{2DEC738C-D202-41C3-BC5C-75EF6A2E308B}.Ad-Hoc|x64.ActiveCfg = Release|Any CPU
		{2DEC738C-D202-41C3-BC5C-75EF6A2E308B}.Ad-Hoc|x64.Build.0 = Release|Any CPU
		{2DEC738C-D202-41C3-BC5C-75EF6A2E308B}.Ad-Hoc|x86.ActiveCfg = Release|Any CPU
		{2DEC738C-D202-41C3-BC5C-75EF6A2E308B}.Ad-Hoc|x86.Build.0 = Release|Any CPU
		{2DEC738C-D202-41C3-BC5C-75EF6A2E308B}.AppStore|Any CPU.ActiveCfg = Release|Any CPU
		{2DEC738C-D202-41C3-BC5C-75EF6A2E308B}.AppStore|Any CPU.Build.0 = Release|Any CPU
		{2DEC738C-D202-41C3-BC5C-75EF6A2E308B}.AppStore|ARM.ActiveCfg = Release|Any CPU
		{2DEC738C-D202-41C3-BC5C-75EF6A2E308B}.AppStore|ARM.Build.0 = Release|Any CPU
		{2DEC738C-D202-41C3-BC5C-75EF6A2E308B}.AppStore|iPhone.ActiveCfg = Release|Any CPU
		{2DEC738C-D202-41C3-BC5C-75EF6A2E308B}.AppStore|iPhone.Build.0 = Release|Any CPU
		{2DEC738C-D202-41C3-BC5C-75EF6A2E308B}.AppStore|iPhoneSimulator.ActiveCfg = Release|Any CPU
		{2DEC738C-D202-41C3-BC5C-75EF6A2E308B}.AppStore|iPhoneSimulator.Build.0 = Release|Any CPU
		{2DEC738C-D202-41C3-BC5C-75EF6A2E308B}.AppStore|x64.ActiveCfg = Release|Any CPU
		{2DEC738C-D202-41C3-BC5C-75EF6A2E308B}.AppStore|x64.Build.0 = Release|Any CPU
		{2DEC738C-D202-41C3-BC5C-75EF6A2E308B}.AppStore|x86.ActiveCfg = Release|Any CPU
		{2DEC738C-D202-41C3-BC5C-75EF6A2E308B}.AppStore|x86.Build.0 = Release|Any CPU
		{2DEC738C-D202-41C3-BC5C-75EF6A2E308B}.Debug|Any CPU.ActiveCfg = Debug|Any CPU
		{2DEC738C-D202-41C3-BC5C-75EF6A2E308B}.Debug|Any CPU.Build.0 = Debug|Any CPU
		{2DEC738C-D202-41C3-BC5C-75EF6A2E308B}.Debug|ARM.ActiveCfg = Debug|Any CPU
		{2DEC738C-D202-41C3-BC5C-75EF6A2E308B}.Debug|ARM.Build.0 = Debug|Any CPU
		{2DEC738C-D202-41C3-BC5C-75EF6A2E308B}.Debug|iPhone.ActiveCfg = Debug|Any CPU
		{2DEC738C-D202-41C3-BC5C-75EF6A2E308B}.Debug|iPhone.Build.0 = Debug|Any CPU
		{2DEC738C-D202-41C3-BC5C-75EF6A2E308B}.Debug|iPhoneSimulator.ActiveCfg = Debug|Any CPU
		{2DEC738C-D202-41C3-BC5C-75EF6A2E308B}.Debug|iPhoneSimulator.Build.0 = Debug|Any CPU
		{2DEC738C-D202-41C3-BC5C-75EF6A2E308B}.Debug|x64.ActiveCfg = Debug|Any CPU
		{2DEC738C-D202-41C3-BC5C-75EF6A2E308B}.Debug|x64.Build.0 = Debug|Any CPU
		{2DEC738C-D202-41C3-BC5C-75EF6A2E308B}.Debug|x86.ActiveCfg = Debug|Any CPU
		{2DEC738C-D202-41C3-BC5C-75EF6A2E308B}.Debug|x86.Build.0 = Debug|Any CPU
		{2DEC738C-D202-41C3-BC5C-75EF6A2E308B}.Release|Any CPU.ActiveCfg = Release|Any CPU
		{2DEC738C-D202-41C3-BC5C-75EF6A2E308B}.Release|Any CPU.Build.0 = Release|Any CPU
		{2DEC738C-D202-41C3-BC5C-75EF6A2E308B}.Release|ARM.ActiveCfg = Release|Any CPU
		{2DEC738C-D202-41C3-BC5C-75EF6A2E308B}.Release|ARM.Build.0 = Release|Any CPU
		{2DEC738C-D202-41C3-BC5C-75EF6A2E308B}.Release|iPhone.ActiveCfg = Release|Any CPU
		{2DEC738C-D202-41C3-BC5C-75EF6A2E308B}.Release|iPhone.Build.0 = Release|Any CPU
		{2DEC738C-D202-41C3-BC5C-75EF6A2E308B}.Release|iPhoneSimulator.ActiveCfg = Release|Any CPU
		{2DEC738C-D202-41C3-BC5C-75EF6A2E308B}.Release|iPhoneSimulator.Build.0 = Release|Any CPU
		{2DEC738C-D202-41C3-BC5C-75EF6A2E308B}.Release|x64.ActiveCfg = Release|Any CPU
		{2DEC738C-D202-41C3-BC5C-75EF6A2E308B}.Release|x64.Build.0 = Release|Any CPU
		{2DEC738C-D202-41C3-BC5C-75EF6A2E308B}.Release|x86.ActiveCfg = Release|Any CPU
		{2DEC738C-D202-41C3-BC5C-75EF6A2E308B}.Release|x86.Build.0 = Release|Any CPU
		{747D1CAF-EAD5-49DD-8E17-DD1D915B02D1}.Ad-Hoc|Any CPU.ActiveCfg = Release|Any CPU
		{747D1CAF-EAD5-49DD-8E17-DD1D915B02D1}.Ad-Hoc|Any CPU.Build.0 = Release|Any CPU
		{747D1CAF-EAD5-49DD-8E17-DD1D915B02D1}.Ad-Hoc|ARM.ActiveCfg = Release|Any CPU
		{747D1CAF-EAD5-49DD-8E17-DD1D915B02D1}.Ad-Hoc|ARM.Build.0 = Release|Any CPU
		{747D1CAF-EAD5-49DD-8E17-DD1D915B02D1}.Ad-Hoc|iPhone.ActiveCfg = Release|Any CPU
		{747D1CAF-EAD5-49DD-8E17-DD1D915B02D1}.Ad-Hoc|iPhone.Build.0 = Release|Any CPU
		{747D1CAF-EAD5-49DD-8E17-DD1D915B02D1}.Ad-Hoc|iPhoneSimulator.ActiveCfg = Release|Any CPU
		{747D1CAF-EAD5-49DD-8E17-DD1D915B02D1}.Ad-Hoc|iPhoneSimulator.Build.0 = Release|Any CPU
		{747D1CAF-EAD5-49DD-8E17-DD1D915B02D1}.Ad-Hoc|x64.ActiveCfg = Release|Any CPU
		{747D1CAF-EAD5-49DD-8E17-DD1D915B02D1}.Ad-Hoc|x64.Build.0 = Release|Any CPU
		{747D1CAF-EAD5-49DD-8E17-DD1D915B02D1}.Ad-Hoc|x86.ActiveCfg = Release|Any CPU
		{747D1CAF-EAD5-49DD-8E17-DD1D915B02D1}.Ad-Hoc|x86.Build.0 = Release|Any CPU
		{747D1CAF-EAD5-49DD-8E17-DD1D915B02D1}.AppStore|Any CPU.ActiveCfg = Release|Any CPU
		{747D1CAF-EAD5-49DD-8E17-DD1D915B02D1}.AppStore|Any CPU.Build.0 = Release|Any CPU
		{747D1CAF-EAD5-49DD-8E17-DD1D915B02D1}.AppStore|ARM.ActiveCfg = Release|Any CPU
		{747D1CAF-EAD5-49DD-8E17-DD1D915B02D1}.AppStore|ARM.Build.0 = Release|Any CPU
		{747D1CAF-EAD5-49DD-8E17-DD1D915B02D1}.AppStore|iPhone.ActiveCfg = Release|Any CPU
		{747D1CAF-EAD5-49DD-8E17-DD1D915B02D1}.AppStore|iPhone.Build.0 = Release|Any CPU
		{747D1CAF-EAD5-49DD-8E17-DD1D915B02D1}.AppStore|iPhoneSimulator.ActiveCfg = Release|Any CPU
		{747D1CAF-EAD5-49DD-8E17-DD1D915B02D1}.AppStore|iPhoneSimulator.Build.0 = Release|Any CPU
		{747D1CAF-EAD5-49DD-8E17-DD1D915B02D1}.AppStore|x64.ActiveCfg = Release|Any CPU
		{747D1CAF-EAD5-49DD-8E17-DD1D915B02D1}.AppStore|x64.Build.0 = Release|Any CPU
		{747D1CAF-EAD5-49DD-8E17-DD1D915B02D1}.AppStore|x86.ActiveCfg = Release|Any CPU
		{747D1CAF-EAD5-49DD-8E17-DD1D915B02D1}.AppStore|x86.Build.0 = Release|Any CPU
		{747D1CAF-EAD5-49DD-8E17-DD1D915B02D1}.Debug|Any CPU.ActiveCfg = Debug|Any CPU
		{747D1CAF-EAD5-49DD-8E17-DD1D915B02D1}.Debug|Any CPU.Build.0 = Debug|Any CPU
		{747D1CAF-EAD5-49DD-8E17-DD1D915B02D1}.Debug|ARM.ActiveCfg = Debug|Any CPU
		{747D1CAF-EAD5-49DD-8E17-DD1D915B02D1}.Debug|ARM.Build.0 = Debug|Any CPU
		{747D1CAF-EAD5-49DD-8E17-DD1D915B02D1}.Debug|iPhone.ActiveCfg = Debug|Any CPU
		{747D1CAF-EAD5-49DD-8E17-DD1D915B02D1}.Debug|iPhone.Build.0 = Debug|Any CPU
		{747D1CAF-EAD5-49DD-8E17-DD1D915B02D1}.Debug|iPhoneSimulator.ActiveCfg = Debug|Any CPU
		{747D1CAF-EAD5-49DD-8E17-DD1D915B02D1}.Debug|iPhoneSimulator.Build.0 = Debug|Any CPU
		{747D1CAF-EAD5-49DD-8E17-DD1D915B02D1}.Debug|x64.ActiveCfg = Debug|Any CPU
		{747D1CAF-EAD5-49DD-8E17-DD1D915B02D1}.Debug|x64.Build.0 = Debug|Any CPU
		{747D1CAF-EAD5-49DD-8E17-DD1D915B02D1}.Debug|x86.ActiveCfg = Debug|Any CPU
		{747D1CAF-EAD5-49DD-8E17-DD1D915B02D1}.Debug|x86.Build.0 = Debug|Any CPU
		{747D1CAF-EAD5-49DD-8E17-DD1D915B02D1}.Release|Any CPU.ActiveCfg = Release|Any CPU
		{747D1CAF-EAD5-49DD-8E17-DD1D915B02D1}.Release|Any CPU.Build.0 = Release|Any CPU
		{747D1CAF-EAD5-49DD-8E17-DD1D915B02D1}.Release|ARM.ActiveCfg = Release|Any CPU
		{747D1CAF-EAD5-49DD-8E17-DD1D915B02D1}.Release|ARM.Build.0 = Release|Any CPU
		{747D1CAF-EAD5-49DD-8E17-DD1D915B02D1}.Release|iPhone.ActiveCfg = Release|Any CPU
		{747D1CAF-EAD5-49DD-8E17-DD1D915B02D1}.Release|iPhone.Build.0 = Release|Any CPU
		{747D1CAF-EAD5-49DD-8E17-DD1D915B02D1}.Release|iPhoneSimulator.ActiveCfg = Release|Any CPU
		{747D1CAF-EAD5-49DD-8E17-DD1D915B02D1}.Release|iPhoneSimulator.Build.0 = Release|Any CPU
		{747D1CAF-EAD5-49DD-8E17-DD1D915B02D1}.Release|x64.ActiveCfg = Release|Any CPU
		{747D1CAF-EAD5-49DD-8E17-DD1D915B02D1}.Release|x64.Build.0 = Release|Any CPU
		{747D1CAF-EAD5-49DD-8E17-DD1D915B02D1}.Release|x86.ActiveCfg = Release|Any CPU
		{747D1CAF-EAD5-49DD-8E17-DD1D915B02D1}.Release|x86.Build.0 = Release|Any CPU
		{42C26651-F092-4167-92FC-5D95B4E8E37F}.Ad-Hoc|Any CPU.ActiveCfg = Release|Any CPU
		{42C26651-F092-4167-92FC-5D95B4E8E37F}.Ad-Hoc|Any CPU.Build.0 = Release|Any CPU
		{42C26651-F092-4167-92FC-5D95B4E8E37F}.Ad-Hoc|ARM.ActiveCfg = Release|Any CPU
		{42C26651-F092-4167-92FC-5D95B4E8E37F}.Ad-Hoc|ARM.Build.0 = Release|Any CPU
		{42C26651-F092-4167-92FC-5D95B4E8E37F}.Ad-Hoc|iPhone.ActiveCfg = Release|Any CPU
		{42C26651-F092-4167-92FC-5D95B4E8E37F}.Ad-Hoc|iPhone.Build.0 = Release|Any CPU
		{42C26651-F092-4167-92FC-5D95B4E8E37F}.Ad-Hoc|iPhoneSimulator.ActiveCfg = Release|Any CPU
		{42C26651-F092-4167-92FC-5D95B4E8E37F}.Ad-Hoc|iPhoneSimulator.Build.0 = Release|Any CPU
		{42C26651-F092-4167-92FC-5D95B4E8E37F}.Ad-Hoc|x64.ActiveCfg = Release|Any CPU
		{42C26651-F092-4167-92FC-5D95B4E8E37F}.Ad-Hoc|x64.Build.0 = Release|Any CPU
		{42C26651-F092-4167-92FC-5D95B4E8E37F}.Ad-Hoc|x86.ActiveCfg = Release|Any CPU
		{42C26651-F092-4167-92FC-5D95B4E8E37F}.Ad-Hoc|x86.Build.0 = Release|Any CPU
		{42C26651-F092-4167-92FC-5D95B4E8E37F}.AppStore|Any CPU.ActiveCfg = Release|Any CPU
		{42C26651-F092-4167-92FC-5D95B4E8E37F}.AppStore|Any CPU.Build.0 = Release|Any CPU
		{42C26651-F092-4167-92FC-5D95B4E8E37F}.AppStore|ARM.ActiveCfg = Release|Any CPU
		{42C26651-F092-4167-92FC-5D95B4E8E37F}.AppStore|ARM.Build.0 = Release|Any CPU
		{42C26651-F092-4167-92FC-5D95B4E8E37F}.AppStore|iPhone.ActiveCfg = Release|Any CPU
		{42C26651-F092-4167-92FC-5D95B4E8E37F}.AppStore|iPhone.Build.0 = Release|Any CPU
		{42C26651-F092-4167-92FC-5D95B4E8E37F}.AppStore|iPhoneSimulator.ActiveCfg = Release|Any CPU
		{42C26651-F092-4167-92FC-5D95B4E8E37F}.AppStore|iPhoneSimulator.Build.0 = Release|Any CPU
		{42C26651-F092-4167-92FC-5D95B4E8E37F}.AppStore|x64.ActiveCfg = Release|Any CPU
		{42C26651-F092-4167-92FC-5D95B4E8E37F}.AppStore|x64.Build.0 = Release|Any CPU
		{42C26651-F092-4167-92FC-5D95B4E8E37F}.AppStore|x86.ActiveCfg = Release|Any CPU
		{42C26651-F092-4167-92FC-5D95B4E8E37F}.AppStore|x86.Build.0 = Release|Any CPU
		{42C26651-F092-4167-92FC-5D95B4E8E37F}.Debug|Any CPU.ActiveCfg = Debug|Any CPU
		{42C26651-F092-4167-92FC-5D95B4E8E37F}.Debug|Any CPU.Build.0 = Debug|Any CPU
		{42C26651-F092-4167-92FC-5D95B4E8E37F}.Debug|ARM.ActiveCfg = Debug|Any CPU
		{42C26651-F092-4167-92FC-5D95B4E8E37F}.Debug|ARM.Build.0 = Debug|Any CPU
		{42C26651-F092-4167-92FC-5D95B4E8E37F}.Debug|iPhone.ActiveCfg = Debug|Any CPU
		{42C26651-F092-4167-92FC-5D95B4E8E37F}.Debug|iPhone.Build.0 = Debug|Any CPU
		{42C26651-F092-4167-92FC-5D95B4E8E37F}.Debug|iPhoneSimulator.ActiveCfg = Debug|Any CPU
		{42C26651-F092-4167-92FC-5D95B4E8E37F}.Debug|iPhoneSimulator.Build.0 = Debug|Any CPU
		{42C26651-F092-4167-92FC-5D95B4E8E37F}.Debug|x64.ActiveCfg = Debug|Any CPU
		{42C26651-F092-4167-92FC-5D95B4E8E37F}.Debug|x64.Build.0 = Debug|Any CPU
		{42C26651-F092-4167-92FC-5D95B4E8E37F}.Debug|x86.ActiveCfg = Debug|Any CPU
		{42C26651-F092-4167-92FC-5D95B4E8E37F}.Debug|x86.Build.0 = Debug|Any CPU
		{42C26651-F092-4167-92FC-5D95B4E8E37F}.Release|Any CPU.ActiveCfg = Release|Any CPU
		{42C26651-F092-4167-92FC-5D95B4E8E37F}.Release|Any CPU.Build.0 = Release|Any CPU
		{42C26651-F092-4167-92FC-5D95B4E8E37F}.Release|ARM.ActiveCfg = Release|Any CPU
		{42C26651-F092-4167-92FC-5D95B4E8E37F}.Release|ARM.Build.0 = Release|Any CPU
		{42C26651-F092-4167-92FC-5D95B4E8E37F}.Release|iPhone.ActiveCfg = Release|Any CPU
		{42C26651-F092-4167-92FC-5D95B4E8E37F}.Release|iPhone.Build.0 = Release|Any CPU
		{42C26651-F092-4167-92FC-5D95B4E8E37F}.Release|iPhoneSimulator.ActiveCfg = Release|Any CPU
		{42C26651-F092-4167-92FC-5D95B4E8E37F}.Release|iPhoneSimulator.Build.0 = Release|Any CPU
		{42C26651-F092-4167-92FC-5D95B4E8E37F}.Release|x64.ActiveCfg = Release|Any CPU
		{42C26651-F092-4167-92FC-5D95B4E8E37F}.Release|x64.Build.0 = Release|Any CPU
		{42C26651-F092-4167-92FC-5D95B4E8E37F}.Release|x86.ActiveCfg = Release|Any CPU
		{42C26651-F092-4167-92FC-5D95B4E8E37F}.Release|x86.Build.0 = Release|Any CPU
		{6A1C469A-7CD0-4ECD-AE2B-A720BCB40167}.Ad-Hoc|Any CPU.ActiveCfg = Release|Any CPU
		{6A1C469A-7CD0-4ECD-AE2B-A720BCB40167}.Ad-Hoc|Any CPU.Build.0 = Release|Any CPU
		{6A1C469A-7CD0-4ECD-AE2B-A720BCB40167}.Ad-Hoc|ARM.ActiveCfg = Release|Any CPU
		{6A1C469A-7CD0-4ECD-AE2B-A720BCB40167}.Ad-Hoc|ARM.Build.0 = Release|Any CPU
		{6A1C469A-7CD0-4ECD-AE2B-A720BCB40167}.Ad-Hoc|iPhone.ActiveCfg = Release|Any CPU
		{6A1C469A-7CD0-4ECD-AE2B-A720BCB40167}.Ad-Hoc|iPhone.Build.0 = Release|Any CPU
		{6A1C469A-7CD0-4ECD-AE2B-A720BCB40167}.Ad-Hoc|iPhoneSimulator.ActiveCfg = Release|Any CPU
		{6A1C469A-7CD0-4ECD-AE2B-A720BCB40167}.Ad-Hoc|iPhoneSimulator.Build.0 = Release|Any CPU
		{6A1C469A-7CD0-4ECD-AE2B-A720BCB40167}.Ad-Hoc|x64.ActiveCfg = Release|Any CPU
		{6A1C469A-7CD0-4ECD-AE2B-A720BCB40167}.Ad-Hoc|x64.Build.0 = Release|Any CPU
		{6A1C469A-7CD0-4ECD-AE2B-A720BCB40167}.Ad-Hoc|x86.ActiveCfg = Release|Any CPU
		{6A1C469A-7CD0-4ECD-AE2B-A720BCB40167}.Ad-Hoc|x86.Build.0 = Release|Any CPU
		{6A1C469A-7CD0-4ECD-AE2B-A720BCB40167}.AppStore|Any CPU.ActiveCfg = Release|Any CPU
		{6A1C469A-7CD0-4ECD-AE2B-A720BCB40167}.AppStore|Any CPU.Build.0 = Release|Any CPU
		{6A1C469A-7CD0-4ECD-AE2B-A720BCB40167}.AppStore|ARM.ActiveCfg = Release|Any CPU
		{6A1C469A-7CD0-4ECD-AE2B-A720BCB40167}.AppStore|ARM.Build.0 = Release|Any CPU
		{6A1C469A-7CD0-4ECD-AE2B-A720BCB40167}.AppStore|iPhone.ActiveCfg = Release|Any CPU
		{6A1C469A-7CD0-4ECD-AE2B-A720BCB40167}.AppStore|iPhone.Build.0 = Release|Any CPU
		{6A1C469A-7CD0-4ECD-AE2B-A720BCB40167}.AppStore|iPhoneSimulator.ActiveCfg = Release|Any CPU
		{6A1C469A-7CD0-4ECD-AE2B-A720BCB40167}.AppStore|iPhoneSimulator.Build.0 = Release|Any CPU
		{6A1C469A-7CD0-4ECD-AE2B-A720BCB40167}.AppStore|x64.ActiveCfg = Release|Any CPU
		{6A1C469A-7CD0-4ECD-AE2B-A720BCB40167}.AppStore|x64.Build.0 = Release|Any CPU
		{6A1C469A-7CD0-4ECD-AE2B-A720BCB40167}.AppStore|x86.ActiveCfg = Release|Any CPU
		{6A1C469A-7CD0-4ECD-AE2B-A720BCB40167}.AppStore|x86.Build.0 = Release|Any CPU
		{6A1C469A-7CD0-4ECD-AE2B-A720BCB40167}.Debug|Any CPU.ActiveCfg = Debug|Any CPU
		{6A1C469A-7CD0-4ECD-AE2B-A720BCB40167}.Debug|Any CPU.Build.0 = Debug|Any CPU
		{6A1C469A-7CD0-4ECD-AE2B-A720BCB40167}.Debug|ARM.ActiveCfg = Debug|Any CPU
		{6A1C469A-7CD0-4ECD-AE2B-A720BCB40167}.Debug|ARM.Build.0 = Debug|Any CPU
		{6A1C469A-7CD0-4ECD-AE2B-A720BCB40167}.Debug|iPhone.ActiveCfg = Debug|Any CPU
		{6A1C469A-7CD0-4ECD-AE2B-A720BCB40167}.Debug|iPhone.Build.0 = Debug|Any CPU
		{6A1C469A-7CD0-4ECD-AE2B-A720BCB40167}.Debug|iPhoneSimulator.ActiveCfg = Debug|Any CPU
		{6A1C469A-7CD0-4ECD-AE2B-A720BCB40167}.Debug|iPhoneSimulator.Build.0 = Debug|Any CPU
		{6A1C469A-7CD0-4ECD-AE2B-A720BCB40167}.Debug|x64.ActiveCfg = Debug|Any CPU
		{6A1C469A-7CD0-4ECD-AE2B-A720BCB40167}.Debug|x64.Build.0 = Debug|Any CPU
		{6A1C469A-7CD0-4ECD-AE2B-A720BCB40167}.Debug|x86.ActiveCfg = Debug|Any CPU
		{6A1C469A-7CD0-4ECD-AE2B-A720BCB40167}.Debug|x86.Build.0 = Debug|Any CPU
		{6A1C469A-7CD0-4ECD-AE2B-A720BCB40167}.Release|Any CPU.ActiveCfg = Release|Any CPU
		{6A1C469A-7CD0-4ECD-AE2B-A720BCB40167}.Release|Any CPU.Build.0 = Release|Any CPU
		{6A1C469A-7CD0-4ECD-AE2B-A720BCB40167}.Release|ARM.ActiveCfg = Release|Any CPU
		{6A1C469A-7CD0-4ECD-AE2B-A720BCB40167}.Release|ARM.Build.0 = Release|Any CPU
		{6A1C469A-7CD0-4ECD-AE2B-A720BCB40167}.Release|iPhone.ActiveCfg = Release|Any CPU
		{6A1C469A-7CD0-4ECD-AE2B-A720BCB40167}.Release|iPhone.Build.0 = Release|Any CPU
		{6A1C469A-7CD0-4ECD-AE2B-A720BCB40167}.Release|iPhoneSimulator.ActiveCfg = Release|Any CPU
		{6A1C469A-7CD0-4ECD-AE2B-A720BCB40167}.Release|iPhoneSimulator.Build.0 = Release|Any CPU
		{6A1C469A-7CD0-4ECD-AE2B-A720BCB40167}.Release|x64.ActiveCfg = Release|Any CPU
		{6A1C469A-7CD0-4ECD-AE2B-A720BCB40167}.Release|x64.Build.0 = Release|Any CPU
		{6A1C469A-7CD0-4ECD-AE2B-A720BCB40167}.Release|x86.ActiveCfg = Release|Any CPU
		{6A1C469A-7CD0-4ECD-AE2B-A720BCB40167}.Release|x86.Build.0 = Release|Any CPU
	EndGlobalSection
	GlobalSection(SolutionProperties) = preSolution
		HideSolutionNode = FALSE
	EndGlobalSection
	GlobalSection(ExtensibilityGlobals) = postSolution
		SolutionGuid = {C76FD725-5BAB-4D8E-9D0C-9D04E9E80A29}
	EndGlobalSection
EndGlobal
